
Microsoft Visual Studio Solution File, Format Version 12.00
# Visual Studio 15
VisualStudioVersion = 15.0.28307.1022
MinimumVisualStudioVersion = 10.0.40219.1
Project("{8BC9CEB8-8B4A-11D0-8D11-00A0C91BC942}") = "20200516", "20200516\20200516.vcxproj", "{81952510-2310-4555-A9CA-1686E3D53AFF}"
EndProject
Global
	GlobalSection(SolutionConfigurationPlatforms) = preSolution
		Debug|x64 = Debug|x64
		Debug|x86 = Debug|x86
		Release|x64 = Release|x64
		Release|x86 = Release|x86
	EndGlobalSection
	GlobalSection(ProjectConfigurationPlatforms) = postSolution
		{81952510-2310-4555-A9CA-1686E3D53AFF}.Debug|x64.ActiveCfg = Debug|x64
		{81952510-2310-4555-A9CA-1686E3D53AFF}.Debug|x64.Build.0 = Debug|x64
		{81952510-2310-4555-A9CA-1686E3D53AFF}.Debug|x86.ActiveCfg = Debug|Win32
		{81952510-2310-4555-A9CA-1686E3D53AFF}.Debug|x86.Build.0 = Debug|Win32
		{81952510-2310-4555-A9CA-1686E3D53AFF}.Release|x64.ActiveCfg = Release|x64
		{81952510-2310-4555-A9CA-1686E3D53AFF}.Release|x64.Build.0 = Release|x64
		{81952510-2310-4555-A9CA-1686E3D53AFF}.Release|x86.ActiveCfg = Release|Win32
		{81952510-2310-4555-A9CA-1686E3D53AFF}.Release|x86.Build.0 = Release|Win32
	EndGlobalSection
	GlobalSection(SolutionProperties) = preSolution
		HideSolutionNode = FALSE
	EndGlobalSection
	GlobalSection(ExtensibilityGlobals) = postSolution
		SolutionGuid = {02EB7D8A-8955-4AC0-974D-5D2A5A36C277}
	EndGlobalSection
EndGlobal
